
Microsoft Visual Studio Solution File, Format Version 12.00
# Visual Studio Version 17
VisualStudioVersion = 17.9.34622.214
MinimumVisualStudioVersion = 10.0.40219.1
Project("{FAE04EC0-301F-11D3-BF4B-00C04F79EFBC}") = "WebAPI", "WebAPI.csproj", "{73FAC39A-16EC-4924-8A70-DC98F7781480}"
EndProject
Global
	GlobalSection(SolutionConfigurationPlatforms) = preSolution
		Debug|Any CPU = Debug|Any CPU
		Release|Any CPU = Release|Any CPU
	EndGlobalSection
	GlobalSection(ProjectConfigurationPlatforms) = postSolution
		{73FAC39A-16EC-4924-8A70-DC98F7781480}.Debug|Any CPU.ActiveCfg = Debug|Any CPU
		{73FAC39A-16EC-4924-8A70-DC98F7781480}.Debug|Any CPU.Build.0 = Debug|Any CPU
		{73FAC39A-16EC-4924-8A70-DC98F7781480}.Release|Any CPU.ActiveCfg = Release|Any CPU
		{73FAC39A-16EC-4924-8A70-DC98F7781480}.Release|Any CPU.Build.0 = Release|Any CPU
	EndGlobalSection
	GlobalSection(SolutionProperties) = preSolution
		HideSolutionNode = FALSE
	EndGlobalSection
	GlobalSection(ExtensibilityGlobals) = postSolution
		SolutionGuid = {27DC4A91-3202-4B2D-BA3B-6DB5A7D80DC7}
	EndGlobalSection
EndGlobal
